version = 1
revision = 3
requires-python = ">=3.12"

[[package]]
name = "micrograd"
version = "0.1.0"
source = { registry = "https://pypi.org/simple" }
sdist = { url = "https://files.pythonhosted.org/packages/1c/dc/9354ac4d39b589f2f3bea4b51195936673c211484fc069c147b1cc1196f0/micrograd-0.1.0.tar.gz", hash = "sha256:81797b796bef809fb1ac3fd83a7e01e007aecb8d056fba07c0e24931e043845d", size = 4013, upload-time = "2020-04-18T19:07:02.195Z" }
wheels = [
    { url = "https://files.pythonhosted.org/packages/67/99/3cfc94118f5858bf6254b83366d2a9ecd5fbd8db671138aa8cebb31718ce/micrograd-0.1.0-py3-none-any.whl", hash = "sha256:47d756d92043c7d7ef55372640dc1549780a8c22806b3a11cb3d4efc5937a4ae", size = 4885, upload-time = "2020-04-18T19:06:59.92Z" },
]

[[package]]
name = "my-micrograd-practice"
version = "0.1.0"
source = { editable = "." }
dependencies = [
    { name = "micrograd" },
]

[package.metadata]
requires-dist = [{ name = "micrograd", specifier = ">=0.1.0" }]
